
Microsoft Visual Studio Solution File, Format Version 12.00
# Visual Studio 14
VisualStudioVersion = 14.0.25420.1
MinimumVisualStudioVersion = 10.0.40219.1
Project("{FAE04EC0-301F-11D3-BF4B-00C04F79EFBC}") = "BoxVolumeCalculatorWithSOAP", "BoxVolumeCalculatorWithSOAP\BoxVolumeCalculatorWithSOAP.csproj", "{7E06BDE2-7826-4856-AAD2-9A3EECB682CA}"
EndProject
Project("{FAE04EC0-301F-11D3-BF4B-00C04F79EFBC}") = "BoxVolumeCalculatorWithSOAPTests", "BoxVolumeCalculatorWithSOAPTests\BoxVolumeCalculatorWithSOAPTests.csproj", "{FF89E2F4-D210-46D3-AC4D-F2727F843E21}"
EndProject
Global
	GlobalSection(SolutionConfigurationPlatforms) = preSolution
		Debug|Any CPU = Debug|Any CPU
		Release|Any CPU = Release|Any CPU
	EndGlobalSection
	GlobalSection(ProjectConfigurationPlatforms) = postSolution
		{7E06BDE2-7826-4856-AAD2-9A3EECB682CA}.Debug|Any CPU.ActiveCfg = Debug|Any CPU
		{7E06BDE2-7826-4856-AAD2-9A3EECB682CA}.Debug|Any CPU.Build.0 = Debug|Any CPU
		{7E06BDE2-7826-4856-AAD2-9A3EECB682CA}.Release|Any CPU.ActiveCfg = Release|Any CPU
		{7E06BDE2-7826-4856-AAD2-9A3EECB682CA}.Release|Any CPU.Build.0 = Release|Any CPU
		{FF89E2F4-D210-46D3-AC4D-F2727F843E21}.Debug|Any CPU.ActiveCfg = Debug|Any CPU
		{FF89E2F4-D210-46D3-AC4D-F2727F843E21}.Debug|Any CPU.Build.0 = Debug|Any CPU
		{FF89E2F4-D210-46D3-AC4D-F2727F843E21}.Release|Any CPU.ActiveCfg = Release|Any CPU
		{FF89E2F4-D210-46D3-AC4D-F2727F843E21}.Release|Any CPU.Build.0 = Release|Any CPU
	EndGlobalSection
	GlobalSection(SolutionProperties) = preSolution
		HideSolutionNode = FALSE
	EndGlobalSection
EndGlobal
